
Microsoft Visual Studio Solution File, Format Version 12.00
# Visual Studio Version 16
VisualStudioVersion = 16.0.31005.135
MinimumVisualStudioVersion = 10.0.40219.1
Project("{FAE04EC0-301F-11D3-BF4B-00C04F79EFBC}") = "Olimpia.FacturaElectronica", "Olimpia.FacturaElectronica\Olimpia.FacturaElectronica.csproj", "{041B2CD9-77F7-4DC9-ABD2-F4A5B6B02764}"
EndProject
Project("{2150E333-8FDC-42A3-9474-1A3956D46DE8}") = "Ejercicio 2", "Ejercicio 2", "{6AAE7922-74BA-4FF2-BACE-735C01F327AA}"
EndProject
Project("{2150E333-8FDC-42A3-9474-1A3956D46DE8}") = "Ejercicio 1", "Ejercicio 1", "{AB051467-F9B0-40C2-B5F5-0EC028C33B7D}"
EndProject
Project("{FAE04EC0-301F-11D3-BF4B-00C04F79EFBC}") = "Olimpia.Multiplos3", "Olimpia.Multiplos3\Olimpia.Multiplos3.csproj", "{08844D41-44EC-4133-B93D-0FE21DF58042}"
EndProject
Project("{2150E333-8FDC-42A3-9474-1A3956D46DE8}") = "00 Common", "00 Common", "{B05BD08E-6019-49C9-B416-A454FE4B1CD7}"
EndProject
Project("{FAE04EC0-301F-11D3-BF4B-00C04F79EFBC}") = "Olimpia.Entidades", "Olimpia.Entidades\Olimpia.Entidades.csproj", "{5988C050-85F4-469A-88AA-F14B94CB8E62}"
EndProject
Project("{FAE04EC0-301F-11D3-BF4B-00C04F79EFBC}") = "Olimpia.Utilidades", "Olimpia.Utilidades\Olimpia.Utilidades.csproj", "{47D170B0-AE9E-4038-8CDC-2E3DEBF7ABE1}"
EndProject
Project("{2150E333-8FDC-42A3-9474-1A3956D46DE8}") = "01 Business", "01 Business", "{06617D3A-49C5-4E03-81F5-53B303B46FF9}"
EndProject
Project("{FAE04EC0-301F-11D3-BF4B-00C04F79EFBC}") = "Olimpia.FacturaElectronica.Business", "Olimpia.FacturaElectronica.Business\Olimpia.FacturaElectronica.Business.csproj", "{A7FD68AD-04B0-4FDA-9F45-48AB4C0EC177}"
EndProject
Global
	GlobalSection(SolutionConfigurationPlatforms) = preSolution
		Debug|Any CPU = Debug|Any CPU
		Release|Any CPU = Release|Any CPU
	EndGlobalSection
	GlobalSection(ProjectConfigurationPlatforms) = postSolution
		{041B2CD9-77F7-4DC9-ABD2-F4A5B6B02764}.Debug|Any CPU.ActiveCfg = Debug|Any CPU
		{041B2CD9-77F7-4DC9-ABD2-F4A5B6B02764}.Debug|Any CPU.Build.0 = Debug|Any CPU
		{041B2CD9-77F7-4DC9-ABD2-F4A5B6B02764}.Release|Any CPU.ActiveCfg = Release|Any CPU
		{041B2CD9-77F7-4DC9-ABD2-F4A5B6B02764}.Release|Any CPU.Build.0 = Release|Any CPU
		{08844D41-44EC-4133-B93D-0FE21DF58042}.Debug|Any CPU.ActiveCfg = Debug|Any CPU
		{08844D41-44EC-4133-B93D-0FE21DF58042}.Debug|Any CPU.Build.0 = Debug|Any CPU
		{08844D41-44EC-4133-B93D-0FE21DF58042}.Release|Any CPU.ActiveCfg = Release|Any CPU
		{08844D41-44EC-4133-B93D-0FE21DF58042}.Release|Any CPU.Build.0 = Release|Any CPU
		{5988C050-85F4-469A-88AA-F14B94CB8E62}.Debug|Any CPU.ActiveCfg = Debug|Any CPU
		{5988C050-85F4-469A-88AA-F14B94CB8E62}.Debug|Any CPU.Build.0 = Debug|Any CPU
		{5988C050-85F4-469A-88AA-F14B94CB8E62}.Release|Any CPU.ActiveCfg = Release|Any CPU
		{5988C050-85F4-469A-88AA-F14B94CB8E62}.Release|Any CPU.Build.0 = Release|Any CPU
		{47D170B0-AE9E-4038-8CDC-2E3DEBF7ABE1}.Debug|Any CPU.ActiveCfg = Debug|Any CPU
		{47D170B0-AE9E-4038-8CDC-2E3DEBF7ABE1}.Debug|Any CPU.Build.0 = Debug|Any CPU
		{47D170B0-AE9E-4038-8CDC-2E3DEBF7ABE1}.Release|Any CPU.ActiveCfg = Release|Any CPU
		{47D170B0-AE9E-4038-8CDC-2E3DEBF7ABE1}.Release|Any CPU.Build.0 = Release|Any CPU
		{A7FD68AD-04B0-4FDA-9F45-48AB4C0EC177}.Debug|Any CPU.ActiveCfg = Debug|Any CPU
		{A7FD68AD-04B0-4FDA-9F45-48AB4C0EC177}.Debug|Any CPU.Build.0 = Debug|Any CPU
		{A7FD68AD-04B0-4FDA-9F45-48AB4C0EC177}.Release|Any CPU.ActiveCfg = Release|Any CPU
		{A7FD68AD-04B0-4FDA-9F45-48AB4C0EC177}.Release|Any CPU.Build.0 = Release|Any CPU
	EndGlobalSection
	GlobalSection(SolutionProperties) = preSolution
		HideSolutionNode = FALSE
	EndGlobalSection
	GlobalSection(NestedProjects) = preSolution
		{041B2CD9-77F7-4DC9-ABD2-F4A5B6B02764} = {6AAE7922-74BA-4FF2-BACE-735C01F327AA}
		{08844D41-44EC-4133-B93D-0FE21DF58042} = {AB051467-F9B0-40C2-B5F5-0EC028C33B7D}
		{5988C050-85F4-469A-88AA-F14B94CB8E62} = {B05BD08E-6019-49C9-B416-A454FE4B1CD7}
		{47D170B0-AE9E-4038-8CDC-2E3DEBF7ABE1} = {B05BD08E-6019-49C9-B416-A454FE4B1CD7}
		{A7FD68AD-04B0-4FDA-9F45-48AB4C0EC177} = {06617D3A-49C5-4E03-81F5-53B303B46FF9}
	EndGlobalSection
	GlobalSection(ExtensibilityGlobals) = postSolution
		SolutionGuid = {07D851EA-942E-4EC9-AF84-FC2897AED558}
	EndGlobalSection
EndGlobal
